
Microsoft Visual Studio Solution File, Format Version 12.00
# Visual Studio Version 17
VisualStudioVersion = 17.4.33205.214
MinimumVisualStudioVersion = 10.0.40219.1
Project("{9A19103F-16F7-4668-BE54-9A1E7A4F7556}") = "Image WebScraper", "WebScraper\Image WebScraper.csproj", "{D514F127-AD5E-4E33-AA13-7AD2161F0895}"
EndProject
Global
	GlobalSection(SolutionConfigurationPlatforms) = preSolution
		Debug|Any CPU = Debug|Any CPU
		Release|Any CPU = Release|Any CPU
	EndGlobalSection
	GlobalSection(ProjectConfigurationPlatforms) = postSolution
		{D514F127-AD5E-4E33-AA13-7AD2161F0895}.Debug|Any CPU.ActiveCfg = Debug|Any CPU
		{D514F127-AD5E-4E33-AA13-7AD2161F0895}.Debug|Any CPU.Build.0 = Debug|Any CPU
		{D514F127-AD5E-4E33-AA13-7AD2161F0895}.Release|Any CPU.ActiveCfg = Release|Any CPU
		{D514F127-AD5E-4E33-AA13-7AD2161F0895}.Release|Any CPU.Build.0 = Release|Any CPU
	EndGlobalSection
	GlobalSection(SolutionProperties) = preSolution
		HideSolutionNode = FALSE
	EndGlobalSection
	GlobalSection(ExtensibilityGlobals) = postSolution
		SolutionGuid = {E5DBA85B-1E95-4356-94BF-2C2A401091C4}
	EndGlobalSection
EndGlobal
